// !$*UTF8*$!
{
	archiveVersion = 1;
	classes = {
	};
	objectVersion = 46;
	objects = {

/* Begin PBXBuildFile section */
		706C9BDD1D0647F4008F9C2C /* AppDelegate.swift in Sources */ = {isa = PBXBuildFile; fileRef = 706C9BDC1D0647F4008F9C2C /* AppDelegate.swift */; };
		706C9BDF1D0647F4008F9C2C /* ViewController.swift in Sources */ = {isa = PBXBuildFile; fileRef = 706C9BDE1D0647F4008F9C2C /* ViewController.swift */; };
		706C9BE21D0647F4008F9C2C /* Main.storyboard in Resources */ = {isa = PBXBuildFile; fileRef = 706C9BE01D0647F4008F9C2C /* Main.storyboard */; };
		706C9BE41D0647F4008F9C2C /* Assets.xcassets in Resources */ = {isa = PBXBuildFile; fileRef = 706C9BE31D0647F4008F9C2C /* Assets.xcassets */; };
		706C9BE71D0647F4008F9C2C /* LaunchScreen.storyboard in Resources */ = {isa = PBXBuildFile; fileRef = 706C9BE51D0647F4008F9C2C /* LaunchScreen.storyboard */; };
/* End PBXBuildFile section */

/* Begin PBXFileReference section */
		706C9BD91D0647F4008F9C2C /* Test0607.app */ = {isa = PBXFileReference; explicitFileType = wrapper.application; includeInIndex = 0; path = Test0607.app; sourceTree = BUILT_PRODUCTS_DIR; };
		706C9BDC1D0647F4008F9C2C /* AppDelegate.swift */ = {isa = PBXFileReference; lastKnownFileType = sourcecode.swift; path = AppDelegate.swift; sourceTree = "<group>"; };
		706C9BDE1D0647F4008F9C2C /* ViewController.swift */ = {isa = PBXFileReference; lastKnownFileType = sourcecode.swift; path = ViewController.swift; sourceTree = "<group>"; };
		706C9BE11D0647F4008F9C2C /* Base */ = {isa = PBXFileReference; lastKnownFileType = file.storyboard; name = Base; path = Base.lproj/Main.storyboard; sourceTree = "<group>"; };
		706C9BE31D0647F4008F9C2C /* Assets.xcassets */ = {isa = PBXFileReference; lastKnownFileType = folder.assetcatalog; path = Assets.xcassets; sourceTree = "<group>"; };
		706C9BE61D0647F4008F9C2C /* Base */ = {isa = PBXFileReference; lastKnownFileType = file.storyboard; name = Base; path = Base.lproj/LaunchScreen.storyboard; sourceTree = "<group>"; };
		706C9BE81D0647F4008F9C2C /* Info.plist */ = {isa = PBXFileReference; lastKnownFileType = text.plist.xml; path = Info.plist; sourceTree = "<group>"; };
/* End PBXFileReference section */

/* Begin PBXFrameworksBuildPhase section */
		706C9BD61D0647F4008F9C2C /* Frameworks */ = {
			isa = PBXFrameworksBuildPhase;
			buildActionMask = 2147483647;
			files = (
			);
			runOnlyForDeploymentPostprocessing = 0;
		};
/* End PBXFrameworksBuildPhase section */

/* Begin PBXGroup section */
		706C9BD01D0647F4008F9C2C = {
			isa = PBXGroup;
			children = (
				706C9BDB1D0647F4008F9C2C /* Test0607 */,
				706C9BDA1D0647F4008F9C2C /* Products */,
			);
			sourceTree = "<group>";
		};
		706C9BDA1D0647F4008F9C2C /* Products */ = {
			isa = PBXGroup;
			children = (
				706C9BD91D0647F4008F9C2C /* Test0607.app */,
			);
			name = Products;
			sourceTree = "<group>";
		};
		706C9BDB1D0647F4008F9C2C /* Test0607 */ = {
			isa = PBXGroup;
			children = (
				706C9BDC1D0647F4008F9C2C /* AppDelegate.swift */,
				706C9BDE1D0647F4008F9C2C /* ViewController.swift */,
				706C9BE01D0647F4008F9C2C /* Main.storyboard */,
				706C9BE31D0647F4008F9C2C /* Assets.xcassets */,
				706C9BE51D0647F4008F9C2C /* LaunchScreen.storyboard */,
				706C9BE81D0647F4008F9C2C /* Info.plist */,
			);
			path = Test0607;
			sourceTree = "<group>";
		};
/* End PBXGroup section */

/* Begin PBXNativeTarget section */
		706C9BD81D0647F4008F9C2C /* Test0607 */ = {
			isa = PBXNativeTarget;
			buildConfigurationList = 706C9BEB1D0647F4008F9C2C /* Build configuration list for PBXNativeTarget "Test0607" */;
			buildPhases = (
				706C9BD51D0647F4008F9C2C /* Sources */,
				706C9BD61D0647F4008F9C2C /* Frameworks */,
				706C9BD71D0647F4008F9C2C /* Resources */,
			);
			buildRules = (
			);
			dependencies = (
			);
			name = Test0607;
			productName = Test0607;
			productReference = 706C9BD91D0647F4008F9C2C /* Test0607.app */;
			productType = "com.apple.product-type.application";
		};
/* End PBXNativeTarget section */

/* Begin PBXProject section */
		706C9BD11D0647F4008F9C2C /* Project object */ = {
			isa = PBXProject;
			attributes = {
				LastSwiftUpdateCheck = 0720;
				LastUpgradeCheck = 0720;
				ORGANIZATIONNAME = IkedaRyutaro;
				TargetAttributes = {
					706C9BD81D0647F4008F9C2C = {
						CreatedOnToolsVersion = 7.2.1;
					};
				};
			};
			buildConfigurationList = 706C9BD41D0647F4008F9C2C /* Build configuration list for PBXProject "Test0607" */;
			compatibilityVersion = "Xcode 3.2";
			developmentRegion = English;
			hasScannedForEncodings = 0;
			knownRegions = (
				en,
				Base,
			);
			mainGroup = 706C9BD01D0647F4008F9C2C;
			productRefGroup = 706C9BDA1D0647F4008F9C2C /* Products */;
			projectDirPath = "";
			projectRoot = "";
			targets = (
				706C9BD81D0647F4008F9C2C /* Test0607 */,
			);
		};
/* End PBXProject section */

/* Begin PBXResourcesBuildPhase section */
		706C9BD71D0647F4008F9C2C /* Resources */ = {
			isa = PBXResourcesBuildPhase;
			buildActionMask = 2147483647;
			files = (
				706C9BE71D0647F4008F9C2C /* LaunchScreen.storyboard in Resources */,
				706C9BE41D0647F4008F9C2C /* Assets.xcassets in Resources */,
				706C9BE21D0647F4008F9C2C /* Main.storyboard in Resources */,
			);
			runOnlyForDeploymentPostprocessing = 0;
		};
/* End PBXResourcesBuildPhase section */

/* Begin PBXSourcesBuildPhase section */
		706C9BD51D0647F4008F9C2C /* Sources */ = {
			isa = PBXSourcesBuildPhase;
			buildActionMask = 2147483647;
			files = (
				706C9BDF1D0647F4008F9C2C /* ViewController.swift in Sources */,
				706C9BDD1D0647F4008F9C2C /* AppDelegate.swift in Sources */,
			);
			runOnlyForDeploymentPostprocessing = 0;
		};
/* End PBXSourcesBuildPhase section */

/* Begin PBXVariantGroup section */
		706C9BE01D0647F4008F9C2C /* Main.storyboard */ = {
			isa = PBXVariantGroup;
			children = (
				706C9BE11D0647F4008F9C2C /* Base */,
			);
			name = Main.storyboard;
			sourceTree = "<group>";
		};
		706C9BE51D0647F4008F9C2C /* LaunchScreen.storyboard */ = {
			isa = PBXVariantGroup;
			children = (
				706C9BE61D0647F4008F9C2C /* Base */,
			);
			name = LaunchScreen.storyboard;
			sourceTree = "<group>";
		};
/* End PBXVariantGroup section */

/* Begin XCBuildConfiguration section */
		706C9BE91D0647F4008F9C2C /* Debug */ = {
			isa = XCBuildConfiguration;
			buildSettings = {
				ALWAYS_SEARCH_USER_PATHS = NO;
				CLANG_CXX_LANGUAGE_STANDARD = "gnu++0x";
				CLANG_CXX_LIBRARY = "libc++";
				CLANG_ENABLE_MODULES = YES;
				CLANG_ENABLE_OBJC_ARC = YES;
				CLANG_WARN_BOOL_CONVERSION = YES;
				CLANG_WARN_CONSTANT_CONVERSION = YES;
				CLANG_WARN_DIRECT_OBJC_ISA_USAGE = YES_ERROR;
				CLANG_WARN_EMPTY_BODY = YES;
				CLANG_WARN_ENUM_CONVERSION = YES;
				CLANG_WARN_INT_CONVERSION = YES;
				CLANG_WARN_OBJC_ROOT_CLASS = YES_ERROR;
				CLANG_WARN_UNREACHABLE_CODE = YES;
				CLANG_WARN__DUPLICATE_METHOD_MATCH = YES;
				"CODE_SIGN_IDENTITY[sdk=iphoneos*]" = "iPhone Developer";
				COPY_PHASE_STRIP = NO;
				DEBUG_INFORMATION_FORMAT = dwarf;
				ENABLE_STRICT_OBJC_MSGSEND = YES;
				ENABLE_TESTABILITY = YES;
				GCC_C_LANGUAGE_STANDARD = gnu99;
				GCC_DYNAMIC_NO_PIC = NO;
				GCC_NO_COMMON_BLOCKS = YES;
				GCC_OPTIMIZATION_LEVEL = 0;
				GCC_PREPROCESSOR_DEFINITIONS = (
					"DEBUG=1",
					"$(inherited)",
				);
				GCC_WARN_64_TO_32_BIT_CONVERSION = YES;
				GCC_WARN_ABOUT_RETURN_TYPE = YES_ERROR;
				GCC_WARN_UNDECLARED_SELECTOR = YES;
				GCC_WARN_UNINITIALIZED_AUTOS = YES_AGGRESSIVE;
				GCC_WARN_UNUSED_FUNCTION = YES;
				GCC_WARN_UNUSED_VARIABLE = YES;
				IPHONEOS_DEPLOYMENT_TARGET = 9.2;
				MTL_ENABLE_DEBUG_INFO = YES;
				ONLY_ACTIVE_ARCH = YES;
				SDKROOT = iphoneos;
				SWIFT_OPTIMIZATION_LEVEL = "-Onone";
			};
			name = Debug;
		};
		706C9BEA1D0647F4008F9C2C /* Release */ = {
			isa = XCBuildConfiguration;
			buildSettings = {
				ALWAYS_SEARCH_USER_PATHS = NO;
				CLANG_CXX_LANGUAGE_STANDARD = "gnu++0x";
				CLANG_CXX_LIBRARY = "libc++";
				CLANG_ENABLE_MODULES = YES;
				CLANG_ENABLE_OBJC_ARC = YES;
				CLANG_WARN_BOOL_CONVERSION = YES;
				CLANG_WARN_CONSTANT_CONVERSION = YES;
				CLANG_WARN_DIRECT_OBJC_ISA_USAGE = YES_ERROR;
				CLANG_WARN_EMPTY_BODY = YES;
				CLANG_WARN_ENUM_CONVERSION = YES;
				CLANG_WARN_INT_CONVERSION = YES;
				CLANG_WARN_OBJC_ROOT_CLASS = YES_ERROR;
				CLANG_WARN_UNREACHABLE_CODE = YES;
				CLANG_WARN__DUPLICATE_METHOD_MATCH = YES;
				"CODE_SIGN_IDENTITY[sdk=iphoneos*]" = "iPhone Developer";
				COPY_PHASE_STRIP = NO;
				DEBUG_INFORMATION_FORMAT = "dwarf-with-dsym";
				ENABLE_NS_ASSERTIONS = NO;
				ENABLE_STRICT_OBJC_MSGSEND = YES;
				GCC_C_LANGUAGE_STANDARD = gnu99;
				GCC_NO_COMMON_BLOCKS = YES;
				GCC_WARN_64_TO_32_BIT_CONVERSION = YES;
				GCC_WARN_ABOUT_RETURN_TYPE = YES_ERROR;
				GCC_WARN_UNDECLARED_SELECTOR = YES;
				GCC_WARN_UNINITIALIZED_AUTOS = YES_AGGRESSIVE;
				GCC_WARN_UNUSED_FUNCTION = YES;
				GCC_WARN_UNUSED_VARIABLE = YES;
				IPHONEOS_DEPLOYMENT_TARGET = 9.2;
				MTL_ENABLE_DEBUG_INFO = NO;
				SDKROOT = iphoneos;
				VALIDATE_PRODUCT = YES;
			};
			name = Release;
		};
		706C9BEC1D0647F4008F9C2C /* Debug */ = {
			isa = XCBuildConfiguration;
			buildSettings = {
				ASSETCATALOG_COMPILER_APPICON_NAME = AppIcon;
				INFOPLIST_FILE = Test0607/Info.plist;
				LD_RUNPATH_SEARCH_PATHS = "$(inherited) @executable_path/Frameworks";
				PRODUCT_BUNDLE_IDENTIFIER = jp.ikeda.Test0607;
				PRODUCT_NAME = "$(TARGET_NAME)";
			};
			name = Debug;
		};
		706C9BED1D0647F4008F9C2C /* Release */ = {
			isa = XCBuildConfiguration;
			buildSettings = {
				ASSETCATALOG_COMPILER_APPICON_NAME = AppIcon;
				INFOPLIST_FILE = Test0607/Info.plist;
				LD_RUNPATH_SEARCH_PATHS = "$(inherited) @executable_path/Frameworks";
				PRODUCT_BUNDLE_IDENTIFIER = jp.ikeda.Test0607;
				PRODUCT_NAME = "$(TARGET_NAME)";
			};
			name = Release;
		};
/* End XCBuildConfiguration section */

/* Begin XCConfigurationList section */
		706C9BD41D0647F4008F9C2C /* Build configuration list for PBXProject "Test0607" */ = {
			isa = XCConfigurationList;
			buildConfigurations = (
				706C9BE91D0647F4008F9C2C /* Debug */,
				706C9BEA1D0647F4008F9C2C /* Release */,
			);
			defaultConfigurationIsVisible = 0;
			defaultConfigurationName = Release;
		};
		706C9BEB1D0647F4008F9C2C /* Build configuration list for PBXNativeTarget "Test0607" */ = {
			isa = XCConfigurationList;
			buildConfigurations = (
				706C9BEC1D0647F4008F9C2C /* Debug */,
				706C9BED1D0647F4008F9C2C /* Release */,
			);
			defaultConfigurationIsVisible = 0;
		};
/* End XCConfigurationList section */
	};
	rootObject = 706C9BD11D0647F4008F9C2C /* Project object */;
}
